
Microsoft Visual Studio Solution File, Format Version 12.00
# Visual Studio Version 16
VisualStudioVersion = 16.0.30621.155
MinimumVisualStudioVersion = 10.0.40219.1
Project("{FAE04EC0-301F-11D3-BF4B-00C04F79EFBC}") = "TransactionProcessor.SystemSetupTool", "TransactionProcessor.SystemSetupTool.csproj", "{6DF6A211-7737-4BF7-A4FA-DEB23C514558}"
EndProject
Global
	GlobalSection(SolutionConfigurationPlatforms) = preSolution
		Debug|Any CPU = Debug|Any CPU
		Release|Any CPU = Release|Any CPU
	EndGlobalSection
	GlobalSection(ProjectConfigurationPlatforms) = postSolution
		{6DF6A211-7737-4BF7-A4FA-DEB23C514558}.Debug|Any CPU.ActiveCfg = Debug|Any CPU
		{6DF6A211-7737-4BF7-A4FA-DEB23C514558}.Debug|Any CPU.Build.0 = Debug|Any CPU
		{6DF6A211-7737-4BF7-A4FA-DEB23C514558}.Release|Any CPU.ActiveCfg = Release|Any CPU
		{6DF6A211-7737-4BF7-A4FA-DEB23C514558}.Release|Any CPU.Build.0 = Release|Any CPU
	EndGlobalSection
	GlobalSection(SolutionProperties) = preSolution
		HideSolutionNode = FALSE
	EndGlobalSection
	GlobalSection(ExtensibilityGlobals) = postSolution
		SolutionGuid = {A269DB3D-92CE-47C1-BB1E-B1BF286941C1}
	EndGlobalSection
EndGlobal
