
Microsoft Visual Studio Solution File, Format Version 12.00
# Visual Studio Version 16
VisualStudioVersion = 16.0.30330.147
MinimumVisualStudioVersion = 10.0.40219.1
Project("{FAE04EC0-301F-11D3-BF4B-00C04F79EFBC}") = "TransactionDataGenerator", "TransactionDataGenerator.csproj", "{26A8BBD6-1448-4480-9354-AE3660B5FBAA}"
EndProject
Global
	GlobalSection(SolutionConfigurationPlatforms) = preSolution
		Debug|Any CPU = Debug|Any CPU
		Release|Any CPU = Release|Any CPU
	EndGlobalSection
	GlobalSection(ProjectConfigurationPlatforms) = postSolution
		{26A8BBD6-1448-4480-9354-AE3660B5FBAA}.Debug|Any CPU.ActiveCfg = Debug|Any CPU
		{26A8BBD6-1448-4480-9354-AE3660B5FBAA}.Debug|Any CPU.Build.0 = Debug|Any CPU
		{26A8BBD6-1448-4480-9354-AE3660B5FBAA}.Release|Any CPU.ActiveCfg = Release|Any CPU
		{26A8BBD6-1448-4480-9354-AE3660B5FBAA}.Release|Any CPU.Build.0 = Release|Any CPU
	EndGlobalSection
	GlobalSection(SolutionProperties) = preSolution
		HideSolutionNode = FALSE
	EndGlobalSection
	GlobalSection(ExtensibilityGlobals) = postSolution
		SolutionGuid = {B5F20CE6-1BA5-463D-9FF3-6A6109DA2CF5}
	EndGlobalSection
EndGlobal
